{
  "version": "2",
  "remote": {
    "https://deno.land/x/fluent_gitlab_ci@v0.3.1/mod.ts": "3becefe569f5c9814dffa1b534794a42b948481753a5903fa1b48d5337206ced",
    "https://deno.land/x/fluent_gitlab_ci@v0.3.1/src/environment.ts": "f12ee4fb50e5100fccec29dc1d35aa430bfe8373e84286a8ab9f7b8e178f14e3",
    "https://deno.land/x/fluent_gitlab_ci@v0.3.1/src/gitlabci.ts": "85d2335622c2def4a9554a9d8b8de4e62156f5d76d59a553e157bab4e6b6591f",
    "https://deno.land/x/fluent_gitlab_ci@v0.3.1/src/gitlabci_spec.ts": "5bca40ecfce207f6bb65832dd992ef389450022859c29a96e3f43194e7b53331",
    "https://deno.land/x/fluent_gitlab_ci@v0.3.1/src/index.ts": "b5e374a24e3bca1d6fead0861f2c1b1e09e087a17e59297263f681ee71c972fe",
    "https://deno.land/x/fluent_gitlab_ci@v0.3.1/src/job.ts": "2831656e9329167fa3c47bcf9fad644bc8964e35206e6c0445e164d0493ca4f9",
    "https://esm.sh/v126/yaml@2.3.1/denonext/yaml.mjs": "9fcc7926d1e209ab150017431a3c3fa785917d679e306c2008cf27c49a83fc54",
    "https://esm.sh/yaml@v2.3.1": "b25360169240c095986f53055447582cc1b008f646c213e27db61d2a8fc2c010"
  }
}
